// !$*UTF8*$!
{
	archiveVersion = 1;
	classes = {
	};
	objectVersion = 46;
	objects = {

/* Begin PBXBuildFile section */
		229196CC13ABD710005EBD41 /* OpenGL.framework in Frameworks */ = {isa = PBXBuildFile; fileRef = 229196CB13ABD70E005EBD41 /* OpenGL.framework */; };
		229196FB13ABEC0A005EBD41 /* AppKit.framework in Frameworks */ = {isa = PBXBuildFile; fileRef = 229195F913ABCDEC005EBD41 /* AppKit.framework */; };
		22C729B913ACE0DA00B978EF /* Readme.rtf in Resources */ = {isa = PBXBuildFile; fileRef = 22C729B813ACE0DA00B978EF /* Readme.rtf */; };
		F54D290D14044FEE00EC9779 /* backdrop.cpp in Sources */ = {isa = PBXBuildFile; fileRef = F54D28EB14044FEE00EC9779 /* backdrop.cpp */; };
		F54D290E14044FEE00EC9779 /* bezier.cpp in Sources */ = {isa = PBXBuildFile; fileRef = F54D28EC14044FEE00EC9779 /* bezier.cpp */; };
		F54D290F14044FEE00EC9779 /* camera.cpp in Sources */ = {isa = PBXBuildFile; fileRef = F54D28ED14044FEE00EC9779 /* camera.cpp */; };
		F54D291014044FEE00EC9779 /* configfile.cpp in Sources */ = {isa = PBXBuildFile; fileRef = F54D28EE14044FEE00EC9779 /* configfile.cpp */; };
		F54D291114044FEE00EC9779 /* controls.cc in Sources */ = {isa = PBXBuildFile; fileRef = F54D28EF14044FEE00EC9779 /* controls.cc */; };
		F54D291214044FEE00EC9779 /* font.cpp in Sources */ = {isa = PBXBuildFile; fileRef = F54D28F014044FEE00EC9779 /* font.cpp */; };
		F54D291314044FEE00EC9779 /* gamestate.cpp in Sources */ = {isa = PBXBuildFile; fileRef = F54D28F114044FEE00EC9779 /* gamestate.cpp */; };
		F54D291414044FEE00EC9779 /* joepack.cpp in Sources */ = {isa = PBXBuildFile; fileRef = F54D28F214044FEE00EC9779 /* joepack.cpp */; };
		F54D291514044FEE00EC9779 /* keyman.cpp in Sources */ = {isa = PBXBuildFile; fileRef = F54D28F314044FEE00EC9779 /* keyman.cpp */; };
		F54D291614044FEE00EC9779 /* logo.cpp in Sources */ = {isa = PBXBuildFile; fileRef = F54D28F414044FEE00EC9779 /* logo.cpp */; };
		F54D291714044FEE00EC9779 /* main.cpp in Sources */ = {isa = PBXBuildFile; fileRef = F54D28F514044FEE00EC9779 /* main.cpp */; };
		F54D291814044FEE00EC9779 /* menu.cpp in Sources */ = {isa = PBXBuildFile; fileRef = F54D28F614044FEE00EC9779 /* menu.cpp */; };
		F54D291914044FEE00EC9779 /* messageq.cpp in Sources */ = {isa = PBXBuildFile; fileRef = F54D28F714044FEE00EC9779 /* messageq.cpp */; };
		F54D291A14044FEE00EC9779 /* model.cpp in Sources */ = {isa = PBXBuildFile; fileRef = F54D28F814044FEE00EC9779 /* model.cpp */; };
		F54D291B14044FEE00EC9779 /* mouse.cpp in Sources */ = {isa = PBXBuildFile; fileRef = F54D28F914044FEE00EC9779 /* mouse.cpp */; };
		F54D291C14044FEE00EC9779 /* multiplay.cpp in Sources */ = {isa = PBXBuildFile; fileRef = F54D28FA14044FEE00EC9779 /* multiplay.cpp */; };
		F54D291D14044FEE00EC9779 /* net.cpp in Sources */ = {isa = PBXBuildFile; fileRef = F54D28FB14044FEE00EC9779 /* net.cpp */; };
		F54D291E14044FEE00EC9779 /* objects.cpp in Sources */ = {isa = PBXBuildFile; fileRef = F54D28FC14044FEE00EC9779 /* objects.cpp */; };
		F54D291F14044FEE00EC9779 /* particles.cpp in Sources */ = {isa = PBXBuildFile; fileRef = F54D28FD14044FEE00EC9779 /* particles.cpp */; };
		F54D292014044FEE00EC9779 /* quat.cpp in Sources */ = {isa = PBXBuildFile; fileRef = F54D28FE14044FEE00EC9779 /* quat.cpp */; };
		F54D292114044FEE00EC9779 /* replay.cpp in Sources */ = {isa = PBXBuildFile; fileRef = F54D28FF14044FEE00EC9779 /* replay.cpp */; };
		F54D292214044FEE00EC9779 /* replay.cpp.bak in Resources */ = {isa = PBXBuildFile; fileRef = F54D290014044FEE00EC9779 /* replay.cpp.bak */; };
		F54D292414044FEE00EC9779 /* settings.cpp in Sources */ = {isa = PBXBuildFile; fileRef = F54D290214044FEE00EC9779 /* settings.cpp */; };
		F54D292514044FEE00EC9779 /* sound.cpp in Sources */ = {isa = PBXBuildFile; fileRef = F54D290314044FEE00EC9779 /* sound.cpp */; };
		F54D292614044FEE00EC9779 /* sound.cpp.fmod in Resources */ = {isa = PBXBuildFile; fileRef = F54D290414044FEE00EC9779 /* sound.cpp.fmod */; };
		F54D292714044FEE00EC9779 /* sound.cpp.openal in Resources */ = {isa = PBXBuildFile; fileRef = F54D290514044FEE00EC9779 /* sound.cpp.openal */; };
		F54D292814044FEE00EC9779 /* terrain.cpp in Sources */ = {isa = PBXBuildFile; fileRef = F54D290614044FEE00EC9779 /* terrain.cpp */; };
		F54D292914044FEE00EC9779 /* timer.cpp in Sources */ = {isa = PBXBuildFile; fileRef = F54D290714044FEE00EC9779 /* timer.cpp */; };
		F54D292A14044FEE00EC9779 /* track.cpp in Sources */ = {isa = PBXBuildFile; fileRef = F54D290814044FEE00EC9779 /* track.cpp */; };
		F54D292B14044FEE00EC9779 /* trees.cpp in Sources */ = {isa = PBXBuildFile; fileRef = F54D290914044FEE00EC9779 /* trees.cpp */; };
		F54D292C14044FEE00EC9779 /* utility.cpp in Sources */ = {isa = PBXBuildFile; fileRef = F54D290A14044FEE00EC9779 /* utility.cpp */; };
		F54D292D14044FEE00EC9779 /* vamosworld.cc in Sources */ = {isa = PBXBuildFile; fileRef = F54D290B14044FEE00EC9779 /* vamosworld.cc */; };
		F54D292E14044FEE00EC9779 /* weather.cpp in Sources */ = {isa = PBXBuildFile; fileRef = F54D290C14044FEE00EC9779 /* weather.cpp */; };
		F54D29531404500E00EC9779 /* backdrop.h in Headers */ = {isa = PBXBuildFile; fileRef = F54D292F1404500E00EC9779 /* backdrop.h */; };
		F54D29541404500E00EC9779 /* bezier.h in Headers */ = {isa = PBXBuildFile; fileRef = F54D29301404500E00EC9779 /* bezier.h */; };
		F54D29551404500E00EC9779 /* camera.h in Headers */ = {isa = PBXBuildFile; fileRef = F54D29311404500E00EC9779 /* camera.h */; };
		F54D29561404500E00EC9779 /* config_mac.h in Headers */ = {isa = PBXBuildFile; fileRef = F54D29321404500E00EC9779 /* config_mac.h */; };
		F54D29571404500E00EC9779 /* configfile.h in Headers */ = {isa = PBXBuildFile; fileRef = F54D29331404500E00EC9779 /* configfile.h */; };
		F54D29581404500E00EC9779 /* controls.h in Headers */ = {isa = PBXBuildFile; fileRef = F54D29341404500E00EC9779 /* controls.h */; };
		F54D29591404500E00EC9779 /* endian_utility.h in Headers */ = {isa = PBXBuildFile; fileRef = F54D29351404500E00EC9779 /* endian_utility.h */; };
		F54D295A1404500E00EC9779 /* font.h in Headers */ = {isa = PBXBuildFile; fileRef = F54D29361404500E00EC9779 /* font.h */; };
		F54D295B1404500E00EC9779 /* gamestate.h in Headers */ = {isa = PBXBuildFile; fileRef = F54D29371404500E00EC9779 /* gamestate.h */; };
		F54D295C1404500E00EC9779 /* globals.h in Headers */ = {isa = PBXBuildFile; fileRef = F54D29381404500E00EC9779 /* globals.h */; };
		F54D295D1404500E00EC9779 /* joepack.h in Headers */ = {isa = PBXBuildFile; fileRef = F54D29391404500E00EC9779 /* joepack.h */; };
		F54D295E1404500E00EC9779 /* keyman.h in Headers */ = {isa = PBXBuildFile; fileRef = F54D293A1404500E00EC9779 /* keyman.h */; };
		F54D295F1404500E00EC9779 /* logo.h in Headers */ = {isa = PBXBuildFile; fileRef = F54D293B1404500E00EC9779 /* logo.h */; };
		F54D29601404500E00EC9779 /* menu.h in Headers */ = {isa = PBXBuildFile; fileRef = F54D293C1404500E00EC9779 /* menu.h */; };
		F54D29611404500E00EC9779 /* messageq.h in Headers */ = {isa = PBXBuildFile; fileRef = F54D293D1404500E00EC9779 /* messageq.h */; };
		F54D29621404500E00EC9779 /* model.h in Headers */ = {isa = PBXBuildFile; fileRef = F54D293E1404500E00EC9779 /* model.h */; };
		F54D29631404500E00EC9779 /* mouse.h in Headers */ = {isa = PBXBuildFile; fileRef = F54D293F1404500E00EC9779 /* mouse.h */; };
		F54D29641404500E00EC9779 /* multiplay.h in Headers */ = {isa = PBXBuildFile; fileRef = F54D29401404500E00EC9779 /* multiplay.h */; };
		F54D29651404500E00EC9779 /* net.h in Headers */ = {isa = PBXBuildFile; fileRef = F54D29411404500E00EC9779 /* net.h */; };
		F54D29661404500E00EC9779 /* objects.h in Headers */ = {isa = PBXBuildFile; fileRef = F54D29421404500E00EC9779 /* objects.h */; };
		F54D29671404500E00EC9779 /* particles.h in Headers */ = {isa = PBXBuildFile; fileRef = F54D29431404500E00EC9779 /* particles.h */; };
		F54D29681404500E00EC9779 /* quat.h in Headers */ = {isa = PBXBuildFile; fileRef = F54D29441404500E00EC9779 /* quat.h */; };
		F54D29691404500E00EC9779 /* replay.h in Headers */ = {isa = PBXBuildFile; fileRef = F54D29451404500E00EC9779 /* replay.h */; };
		F54D296A1404500E00EC9779 /* replay.h.bak in Resources */ = {isa = PBXBuildFile; fileRef = F54D29461404500E00EC9779 /* replay.h.bak */; };
		F54D296C1404500E00EC9779 /* settings.h in Headers */ = {isa = PBXBuildFile; fileRef = F54D29481404500E00EC9779 /* settings.h */; };
		F54D296D1404500E00EC9779 /* sound.h in Headers */ = {isa = PBXBuildFile; fileRef = F54D29491404500E00EC9779 /* sound.h */; };
		F54D296E1404500E00EC9779 /* sound.h.fmod in Resources */ = {isa = PBXBuildFile; fileRef = F54D294A1404500E00EC9779 /* sound.h.fmod */; };
		F54D296F1404500E00EC9779 /* sound.h.openal in Resources */ = {isa = PBXBuildFile; fileRef = F54D294B1404500E00EC9779 /* sound.h.openal */; };
		F54D29701404500E00EC9779 /* terrain.h in Headers */ = {isa = PBXBuildFile; fileRef = F54D294C1404500E00EC9779 /* terrain.h */; };
		F54D29711404500E00EC9779 /* timer.h in Headers */ = {isa = PBXBuildFile; fileRef = F54D294D1404500E00EC9779 /* timer.h */; };
		F54D29721404500E00EC9779 /* track.h in Headers */ = {isa = PBXBuildFile; fileRef = F54D294E1404500E00EC9779 /* track.h */; };
		F54D29731404500E00EC9779 /* trees.h in Headers */ = {isa = PBXBuildFile; fileRef = F54D294F1404500E00EC9779 /* trees.h */; };
		F54D29741404500E00EC9779 /* utility.h in Headers */ = {isa = PBXBuildFile; fileRef = F54D29501404500E00EC9779 /* utility.h */; };
		F54D29751404500E00EC9779 /* vamosworld.h in Headers */ = {isa = PBXBuildFile; fileRef = F54D29511404500E00EC9779 /* vamosworld.h */; };
		F54D29761404500E00EC9779 /* weather.h in Headers */ = {isa = PBXBuildFile; fileRef = F54D29521404500E00EC9779 /* weather.h */; };
		F54D29781404523700EC9779 /* SDL.framework in Frameworks */ = {isa = PBXBuildFile; fileRef = F54D29771404523700EC9779 /* SDL.framework */; };
		F54D297E1404527100EC9779 /* SDL_image.framework in Frameworks */ = {isa = PBXBuildFile; fileRef = F54D297D1404527100EC9779 /* SDL_image.framework */; };
		F54D2980140452AA00EC9779 /* SDL_net.framework in Frameworks */ = {isa = PBXBuildFile; fileRef = F54D297F140452AA00EC9779 /* SDL_net.framework */; };
		F54D29821404562700EC9779 /* vdrift.icns in Resources */ = {isa = PBXBuildFile; fileRef = F54D29811404562700EC9779 /* vdrift.icns */; };
		F54D29831404572000EC9779 /* SDL_image.framework in CopyFiles */ = {isa = PBXBuildFile; fileRef = F54D297D1404527100EC9779 /* SDL_image.framework */; };
		F54D29841404572000EC9779 /* SDL_net.framework in CopyFiles */ = {isa = PBXBuildFile; fileRef = F54D297F140452AA00EC9779 /* SDL_net.framework */; };
		F54D29851404572000EC9779 /* SDL.framework in CopyFiles */ = {isa = PBXBuildFile; fileRef = F54D29771404523700EC9779 /* SDL.framework */; };
		F5AEB0531404F82400374DB2 /* OpenAL.framework in Frameworks */ = {isa = PBXBuildFile; fileRef = F5AEB0521404F82400374DB2 /* OpenAL.framework */; };
/* End PBXBuildFile section */

/* Begin PBXCopyFilesBuildPhase section */
		229196C913ABD6DC005EBD41 /* CopyFiles */ = {
			isa = PBXCopyFilesBuildPhase;
			buildActionMask = 2147483647;
			dstPath = "";
			dstSubfolderSpec = 10;
			files = (
				F54D29831404572000EC9779 /* SDL_image.framework in CopyFiles */,
				F54D29841404572000EC9779 /* SDL_net.framework in CopyFiles */,
				F54D29851404572000EC9779 /* SDL.framework in CopyFiles */,
			);
			runOnlyForDeploymentPostprocessing = 0;
		};
/* End PBXCopyFilesBuildPhase section */

/* Begin PBXFileReference section */
		229195F213ABCDEB005EBD41 /* Trackeditor.app */ = {isa = PBXFileReference; explicitFileType = wrapper.application; includeInIndex = 0; path = Trackeditor.app; sourceTree = BUILT_PRODUCTS_DIR; };
		229195F913ABCDEC005EBD41 /* AppKit.framework */ = {isa = PBXFileReference; lastKnownFileType = wrapper.framework; name = AppKit.framework; path = System/Library/Frameworks/AppKit.framework; sourceTree = SDKROOT; };
		2291962413ABCEA5005EBD41 /* Info.plist */ = {isa = PBXFileReference; fileEncoding = 4; lastKnownFileType = text.plist.xml; path = Info.plist; sourceTree = SOURCE_ROOT; };
		229196CB13ABD70E005EBD41 /* OpenGL.framework */ = {isa = PBXFileReference; lastKnownFileType = wrapper.framework; name = OpenGL.framework; path = System/Library/Frameworks/OpenGL.framework; sourceTree = SDKROOT; };
		22C729B813ACE0DA00B978EF /* Readme.rtf */ = {isa = PBXFileReference; fileEncoding = 4; lastKnownFileType = text.rtf; path = Readme.rtf; sourceTree = SOURCE_ROOT; };
		F54D28EB14044FEE00EC9779 /* backdrop.cpp */ = {isa = PBXFileReference; fileEncoding = 4; lastKnownFileType = sourcecode.cpp.cpp; path = backdrop.cpp; sourceTree = "<group>"; };
		F54D28EC14044FEE00EC9779 /* bezier.cpp */ = {isa = PBXFileReference; fileEncoding = 4; lastKnownFileType = sourcecode.cpp.cpp; path = bezier.cpp; sourceTree = "<group>"; };
		F54D28ED14044FEE00EC9779 /* camera.cpp */ = {isa = PBXFileReference; fileEncoding = 4; lastKnownFileType = sourcecode.cpp.cpp; path = camera.cpp; sourceTree = "<group>"; };
		F54D28EE14044FEE00EC9779 /* configfile.cpp */ = {isa = PBXFileReference; fileEncoding = 4; lastKnownFileType = sourcecode.cpp.cpp; path = configfile.cpp; sourceTree = "<group>"; };
		F54D28EF14044FEE00EC9779 /* controls.cc */ = {isa = PBXFileReference; fileEncoding = 4; lastKnownFileType = sourcecode.cpp.cpp; path = controls.cc; sourceTree = "<group>"; };
		F54D28F014044FEE00EC9779 /* font.cpp */ = {isa = PBXFileReference; fileEncoding = 4; lastKnownFileType = sourcecode.cpp.cpp; path = font.cpp; sourceTree = "<group>"; };
		F54D28F114044FEE00EC9779 /* gamestate.cpp */ = {isa = PBXFileReference; fileEncoding = 4; lastKnownFileType = sourcecode.cpp.cpp; path = gamestate.cpp; sourceTree = "<group>"; };
		F54D28F214044FEE00EC9779 /* joepack.cpp */ = {isa = PBXFileReference; fileEncoding = 4; lastKnownFileType = sourcecode.cpp.cpp; path = joepack.cpp; sourceTree = "<group>"; };
		F54D28F314044FEE00EC9779 /* keyman.cpp */ = {isa = PBXFileReference; fileEncoding = 4; lastKnownFileType = sourcecode.cpp.cpp; path = keyman.cpp; sourceTree = "<group>"; };
		F54D28F414044FEE00EC9779 /* logo.cpp */ = {isa = PBXFileReference; fileEncoding = 4; lastKnownFileType = sourcecode.cpp.cpp; path = logo.cpp; sourceTree = "<group>"; };
		F54D28F514044FEE00EC9779 /* main.cpp */ = {isa = PBXFileReference; fileEncoding = 4; lastKnownFileType = sourcecode.cpp.cpp; path = main.cpp; sourceTree = "<group>"; };
		F54D28F614044FEE00EC9779 /* menu.cpp */ = {isa = PBXFileReference; fileEncoding = 4; lastKnownFileType = sourcecode.cpp.cpp; path = menu.cpp; sourceTree = "<group>"; };
		F54D28F714044FEE00EC9779 /* messageq.cpp */ = {isa = PBXFileReference; fileEncoding = 4; lastKnownFileType = sourcecode.cpp.cpp; path = messageq.cpp; sourceTree = "<group>"; };
		F54D28F814044FEE00EC9779 /* model.cpp */ = {isa = PBXFileReference; fileEncoding = 4; lastKnownFileType = sourcecode.cpp.cpp; path = model.cpp; sourceTree = "<group>"; };
		F54D28F914044FEE00EC9779 /* mouse.cpp */ = {isa = PBXFileReference; fileEncoding = 4; lastKnownFileType = sourcecode.cpp.cpp; path = mouse.cpp; sourceTree = "<group>"; };
		F54D28FA14044FEE00EC9779 /* multiplay.cpp */ = {isa = PBXFileReference; fileEncoding = 4; lastKnownFileType = sourcecode.cpp.cpp; path = multiplay.cpp; sourceTree = "<group>"; };
		F54D28FB14044FEE00EC9779 /* net.cpp */ = {isa = PBXFileReference; fileEncoding = 4; lastKnownFileType = sourcecode.cpp.cpp; path = net.cpp; sourceTree = "<group>"; };
		F54D28FC14044FEE00EC9779 /* objects.cpp */ = {isa = PBXFileReference; fileEncoding = 4; lastKnownFileType = sourcecode.cpp.cpp; path = objects.cpp; sourceTree = "<group>"; };
		F54D28FD14044FEE00EC9779 /* particles.cpp */ = {isa = PBXFileReference; fileEncoding = 4; lastKnownFileType = sourcecode.cpp.cpp; path = particles.cpp; sourceTree = "<group>"; };
		F54D28FE14044FEE00EC9779 /* quat.cpp */ = {isa = PBXFileReference; fileEncoding = 4; lastKnownFileType = sourcecode.cpp.cpp; path = quat.cpp; sourceTree = "<group>"; };
		F54D28FF14044FEE00EC9779 /* replay.cpp */ = {isa = PBXFileReference; fileEncoding = 4; lastKnownFileType = sourcecode.cpp.cpp; path = replay.cpp; sourceTree = "<group>"; };
		F54D290014044FEE00EC9779 /* replay.cpp.bak */ = {isa = PBXFileReference; fileEncoding = 4; lastKnownFileType = text; path = replay.cpp.bak; sourceTree = "<group>"; };
		F54D290214044FEE00EC9779 /* settings.cpp */ = {isa = PBXFileReference; fileEncoding = 4; lastKnownFileType = sourcecode.cpp.cpp; path = settings.cpp; sourceTree = "<group>"; };
		F54D290314044FEE00EC9779 /* sound.cpp */ = {isa = PBXFileReference; fileEncoding = 4; lastKnownFileType = sourcecode.cpp.cpp; path = sound.cpp; sourceTree = "<group>"; };
		F54D290414044FEE00EC9779 /* sound.cpp.fmod */ = {isa = PBXFileReference; fileEncoding = 4; lastKnownFileType = text; path = sound.cpp.fmod; sourceTree = "<group>"; };
		F54D290514044FEE00EC9779 /* sound.cpp.openal */ = {isa = PBXFileReference; fileEncoding = 4; lastKnownFileType = text; path = sound.cpp.openal; sourceTree = "<group>"; };
		F54D290614044FEE00EC9779 /* terrain.cpp */ = {isa = PBXFileReference; fileEncoding = 4; lastKnownFileType = sourcecode.cpp.cpp; path = terrain.cpp; sourceTree = "<group>"; };
		F54D290714044FEE00EC9779 /* timer.cpp */ = {isa = PBXFileReference; fileEncoding = 4; lastKnownFileType = sourcecode.cpp.cpp; path = timer.cpp; sourceTree = "<group>"; };
		F54D290814044FEE00EC9779 /* track.cpp */ = {isa = PBXFileReference; fileEncoding = 4; lastKnownFileType = sourcecode.cpp.cpp; path = track.cpp; sourceTree = "<group>"; };
		F54D290914044FEE00EC9779 /* trees.cpp */ = {isa = PBXFileReference; fileEncoding = 4; lastKnownFileType = sourcecode.cpp.cpp; path = trees.cpp; sourceTree = "<group>"; };
		F54D290A14044FEE00EC9779 /* utility.cpp */ = {isa = PBXFileReference; fileEncoding = 4; lastKnownFileType = sourcecode.cpp.cpp; path = utility.cpp; sourceTree = "<group>"; };
		F54D290B14044FEE00EC9779 /* vamosworld.cc */ = {isa = PBXFileReference; fileEncoding = 4; lastKnownFileType = sourcecode.cpp.cpp; path = vamosworld.cc; sourceTree = "<group>"; };
		F54D290C14044FEE00EC9779 /* weather.cpp */ = {isa = PBXFileReference; fileEncoding = 4; lastKnownFileType = sourcecode.cpp.cpp; path = weather.cpp; sourceTree = "<group>"; };
		F54D292F1404500E00EC9779 /* backdrop.h */ = {isa = PBXFileReference; fileEncoding = 4; lastKnownFileType = sourcecode.c.h; name = backdrop.h; path = ../include/backdrop.h; sourceTree = "<group>"; };
		F54D29301404500E00EC9779 /* bezier.h */ = {isa = PBXFileReference; fileEncoding = 4; lastKnownFileType = sourcecode.c.h; name = bezier.h; path = ../include/bezier.h; sourceTree = "<group>"; };
		F54D29311404500E00EC9779 /* camera.h */ = {isa = PBXFileReference; fileEncoding = 4; lastKnownFileType = sourcecode.c.h; name = camera.h; path = ../include/camera.h; sourceTree = "<group>"; };
		F54D29321404500E00EC9779 /* config_mac.h */ = {isa = PBXFileReference; fileEncoding = 4; lastKnownFileType = sourcecode.c.h; name = config_mac.h; path = ../include/config_mac.h; sourceTree = "<group>"; };
		F54D29331404500E00EC9779 /* configfile.h */ = {isa = PBXFileReference; fileEncoding = 4; lastKnownFileType = sourcecode.c.h; name = configfile.h; path = ../include/configfile.h; sourceTree = "<group>"; };
		F54D29341404500E00EC9779 /* controls.h */ = {isa = PBXFileReference; fileEncoding = 4; lastKnownFileType = sourcecode.c.h; name = controls.h; path = ../include/controls.h; sourceTree = "<group>"; };
		F54D29351404500E00EC9779 /* endian_utility.h */ = {isa = PBXFileReference; fileEncoding = 4; lastKnownFileType = sourcecode.c.h; name = endian_utility.h; path = ../include/endian_utility.h; sourceTree = "<group>"; };
		F54D29361404500E00EC9779 /* font.h */ = {isa = PBXFileReference; fileEncoding = 4; lastKnownFileType = sourcecode.c.h; name = font.h; path = ../include/font.h; sourceTree = "<group>"; };
		F54D29371404500E00EC9779 /* gamestate.h */ = {isa = PBXFileReference; fileEncoding = 4; lastKnownFileType = sourcecode.c.h; name = gamestate.h; path = ../include/gamestate.h; sourceTree = "<group>"; };
		F54D29381404500E00EC9779 /* globals.h */ = {isa = PBXFileReference; fileEncoding = 4; lastKnownFileType = sourcecode.c.h; name = globals.h; path = ../include/globals.h; sourceTree = "<group>"; };
		F54D29391404500E00EC9779 /* joepack.h */ = {isa = PBXFileReference; fileEncoding = 4; lastKnownFileType = sourcecode.c.h; name = joepack.h; path = ../include/joepack.h; sourceTree = "<group>"; };
		F54D293A1404500E00EC9779 /* keyman.h */ = {isa = PBXFileReference; fileEncoding = 4; lastKnownFileType = sourcecode.c.h; name = keyman.h; path = ../include/keyman.h; sourceTree = "<group>"; };
		F54D293B1404500E00EC9779 /* logo.h */ = {isa = PBXFileReference; fileEncoding = 4; lastKnownFileType = sourcecode.c.h; name = logo.h; path = ../include/logo.h; sourceTree = "<group>"; };
		F54D293C1404500E00EC9779 /* menu.h */ = {isa = PBXFileReference; fileEncoding = 4; lastKnownFileType = sourcecode.c.h; name = menu.h; path = ../include/menu.h; sourceTree = "<group>"; };
		F54D293D1404500E00EC9779 /* messageq.h */ = {isa = PBXFileReference; fileEncoding = 4; lastKnownFileType = sourcecode.c.h; name = messageq.h; path = ../include/messageq.h; sourceTree = "<group>"; };
		F54D293E1404500E00EC9779 /* model.h */ = {isa = PBXFileReference; fileEncoding = 4; lastKnownFileType = sourcecode.c.h; name = model.h; path = ../include/model.h; sourceTree = "<group>"; };
		F54D293F1404500E00EC9779 /* mouse.h */ = {isa = PBXFileReference; fileEncoding = 4; lastKnownFileType = sourcecode.c.h; name = mouse.h; path = ../include/mouse.h; sourceTree = "<group>"; };
		F54D29401404500E00EC9779 /* multiplay.h */ = {isa = PBXFileReference; fileEncoding = 4; lastKnownFileType = sourcecode.c.h; name = multiplay.h; path = ../include/multiplay.h; sourceTree = "<group>"; };
		F54D29411404500E00EC9779 /* net.h */ = {isa = PBXFileReference; fileEncoding = 4; lastKnownFileType = sourcecode.c.h; name = net.h; path = ../include/net.h; sourceTree = "<group>"; };
		F54D29421404500E00EC9779 /* objects.h */ = {isa = PBXFileReference; fileEncoding = 4; lastKnownFileType = sourcecode.c.h; name = objects.h; path = ../include/objects.h; sourceTree = "<group>"; };
		F54D29431404500E00EC9779 /* particles.h */ = {isa = PBXFileReference; fileEncoding = 4; lastKnownFileType = sourcecode.c.h; name = particles.h; path = ../include/particles.h; sourceTree = "<group>"; };
		F54D29441404500E00EC9779 /* quat.h */ = {isa = PBXFileReference; fileEncoding = 4; lastKnownFileType = sourcecode.c.h; name = quat.h; path = ../include/quat.h; sourceTree = "<group>"; };
		F54D29451404500E00EC9779 /* replay.h */ = {isa = PBXFileReference; fileEncoding = 4; lastKnownFileType = sourcecode.c.h; name = replay.h; path = ../include/replay.h; sourceTree = "<group>"; };
		F54D29461404500E00EC9779 /* replay.h.bak */ = {isa = PBXFileReference; fileEncoding = 4; lastKnownFileType = text; name = replay.h.bak; path = ../include/replay.h.bak; sourceTree = "<group>"; };
		F54D29481404500E00EC9779 /* settings.h */ = {isa = PBXFileReference; fileEncoding = 4; lastKnownFileType = sourcecode.c.h; name = settings.h; path = ../include/settings.h; sourceTree = "<group>"; };
		F54D29491404500E00EC9779 /* sound.h */ = {isa = PBXFileReference; fileEncoding = 4; lastKnownFileType = sourcecode.c.h; name = sound.h; path = ../include/sound.h; sourceTree = "<group>"; };
		F54D294A1404500E00EC9779 /* sound.h.fmod */ = {isa = PBXFileReference; fileEncoding = 4; lastKnownFileType = text; name = sound.h.fmod; path = ../include/sound.h.fmod; sourceTree = "<group>"; };
		F54D294B1404500E00EC9779 /* sound.h.openal */ = {isa = PBXFileReference; fileEncoding = 4; lastKnownFileType = text; name = sound.h.openal; path = ../include/sound.h.openal; sourceTree = "<group>"; };
		F54D294C1404500E00EC9779 /* terrain.h */ = {isa = PBXFileReference; fileEncoding = 4; lastKnownFileType = sourcecode.c.h; name = terrain.h; path = ../include/terrain.h; sourceTree = "<group>"; };
		F54D294D1404500E00EC9779 /* timer.h */ = {isa = PBXFileReference; fileEncoding = 4; lastKnownFileType = sourcecode.c.h; name = timer.h; path = ../include/timer.h; sourceTree = "<group>"; };
		F54D294E1404500E00EC9779 /* track.h */ = {isa = PBXFileReference; fileEncoding = 4; lastKnownFileType = sourcecode.c.h; name = track.h; path = ../include/track.h; sourceTree = "<group>"; };
		F54D294F1404500E00EC9779 /* trees.h */ = {isa = PBXFileReference; fileEncoding = 4; lastKnownFileType = sourcecode.c.h; name = trees.h; path = ../include/trees.h; sourceTree = "<group>"; };
		F54D29501404500E00EC9779 /* utility.h */ = {isa = PBXFileReference; fileEncoding = 4; lastKnownFileType = sourcecode.c.h; name = utility.h; path = ../include/utility.h; sourceTree = "<group>"; };
		F54D29511404500E00EC9779 /* vamosworld.h */ = {isa = PBXFileReference; fileEncoding = 4; lastKnownFileType = sourcecode.c.h; name = vamosworld.h; path = ../include/vamosworld.h; sourceTree = "<group>"; };
		F54D29521404500E00EC9779 /* weather.h */ = {isa = PBXFileReference; fileEncoding = 4; lastKnownFileType = sourcecode.c.h; name = weather.h; path = ../include/weather.h; sourceTree = "<group>"; };
		F54D29771404523700EC9779 /* SDL.framework */ = {isa = PBXFileReference; lastKnownFileType = wrapper.framework; path = SDL.framework; sourceTree = "<group>"; };
		F54D297D1404527100EC9779 /* SDL_image.framework */ = {isa = PBXFileReference; lastKnownFileType = wrapper.framework; path = SDL_image.framework; sourceTree = "<group>"; };
		F54D297F140452AA00EC9779 /* SDL_net.framework */ = {isa = PBXFileReference; lastKnownFileType = wrapper.framework; path = SDL_net.framework; sourceTree = "<group>"; };
		F54D29811404562700EC9779 /* vdrift.icns */ = {isa = PBXFileReference; lastKnownFileType = image.icns; path = vdrift.icns; sourceTree = SOURCE_ROOT; };
		F5AEB0521404F82400374DB2 /* OpenAL.framework */ = {isa = PBXFileReference; lastKnownFileType = wrapper.framework; name = OpenAL.framework; path = /System/Library/Frameworks/OpenAL.framework; sourceTree = "<absolute>"; };
/* End PBXFileReference section */

/* Begin PBXFrameworksBuildPhase section */
		229195EF13ABCDEB005EBD41 /* Frameworks */ = {
			isa = PBXFrameworksBuildPhase;
			buildActionMask = 2147483647;
			files = (
				229196FB13ABEC0A005EBD41 /* AppKit.framework in Frameworks */,
				F5AEB0531404F82400374DB2 /* OpenAL.framework in Frameworks */,
				229196CC13ABD710005EBD41 /* OpenGL.framework in Frameworks */,
				F54D297E1404527100EC9779 /* SDL_image.framework in Frameworks */,
				F54D2980140452AA00EC9779 /* SDL_net.framework in Frameworks */,
				F54D29781404523700EC9779 /* SDL.framework in Frameworks */,
			);
			runOnlyForDeploymentPostprocessing = 0;
		};
/* End PBXFrameworksBuildPhase section */

/* Begin PBXGroup section */
		229195E713ABCDEA005EBD41 = {
			isa = PBXGroup;
			children = (
				F54D28EA14044FEE00EC9779 /* src */,
				229195FD13ABCDEC005EBD41 /* Resources */,
				229195F513ABCDEB005EBD41 /* Frameworks */,
				229195F313ABCDEB005EBD41 /* Products */,
			);
			sourceTree = "<group>";
		};
		229195F313ABCDEB005EBD41 /* Products */ = {
			isa = PBXGroup;
			children = (
				229195F213ABCDEB005EBD41 /* Trackeditor.app */,
			);
			name = Products;
			sourceTree = "<group>";
		};
		229195F513ABCDEB005EBD41 /* Frameworks */ = {
			isa = PBXGroup;
			children = (
				229196C613ABD678005EBD41 /* Linked Frameworks */,
				229195F813ABCDEC005EBD41 /* Other Frameworks */,
			);
			name = Frameworks;
			sourceTree = "<group>";
		};
		229195F813ABCDEC005EBD41 /* Other Frameworks */ = {
			isa = PBXGroup;
			children = (
				F5AEB0521404F82400374DB2 /* OpenAL.framework */,
				229196CB13ABD70E005EBD41 /* OpenGL.framework */,
				229195F913ABCDEC005EBD41 /* AppKit.framework */,
			);
			name = "Other Frameworks";
			sourceTree = "<group>";
		};
		229195FD13ABCDEC005EBD41 /* Resources */ = {
			isa = PBXGroup;
			children = (
				F54D29811404562700EC9779 /* vdrift.icns */,
				2291962413ABCEA5005EBD41 /* Info.plist */,
				22C729B813ACE0DA00B978EF /* Readme.rtf */,
			);
			name = Resources;
			path = trackeditor;
			sourceTree = "<group>";
		};
		229196C613ABD678005EBD41 /* Linked Frameworks */ = {
			isa = PBXGroup;
			children = (
				F54D297D1404527100EC9779 /* SDL_image.framework */,
				F54D297F140452AA00EC9779 /* SDL_net.framework */,
				F54D29771404523700EC9779 /* SDL.framework */,
			);
			name = "Linked Frameworks";
			sourceTree = "<group>";
		};
		F54D28EA14044FEE00EC9779 /* src */ = {
			isa = PBXGroup;
			children = (
				F54D28EB14044FEE00EC9779 /* backdrop.cpp */,
				F54D292F1404500E00EC9779 /* backdrop.h */,
				F54D28EC14044FEE00EC9779 /* bezier.cpp */,
				F54D29301404500E00EC9779 /* bezier.h */,
				F54D28ED14044FEE00EC9779 /* camera.cpp */,
				F54D29311404500E00EC9779 /* camera.h */,
				F54D28EE14044FEE00EC9779 /* configfile.cpp */,
				F54D29331404500E00EC9779 /* configfile.h */,
				F54D29321404500E00EC9779 /* config_mac.h */,
				F54D28EF14044FEE00EC9779 /* controls.cc */,
				F54D29341404500E00EC9779 /* controls.h */,
				F54D29351404500E00EC9779 /* endian_utility.h */,
				F54D28F014044FEE00EC9779 /* font.cpp */,
				F54D29361404500E00EC9779 /* font.h */,
				F54D28F114044FEE00EC9779 /* gamestate.cpp */,
				F54D29371404500E00EC9779 /* gamestate.h */,
				F54D29381404500E00EC9779 /* globals.h */,
				F54D28F214044FEE00EC9779 /* joepack.cpp */,
				F54D29391404500E00EC9779 /* joepack.h */,
				F54D28F314044FEE00EC9779 /* keyman.cpp */,
				F54D293A1404500E00EC9779 /* keyman.h */,
				F54D28F414044FEE00EC9779 /* logo.cpp */,
				F54D293B1404500E00EC9779 /* logo.h */,
				F54D28F514044FEE00EC9779 /* main.cpp */,
				F54D28F614044FEE00EC9779 /* menu.cpp */,
				F54D293C1404500E00EC9779 /* menu.h */,
				F54D28F714044FEE00EC9779 /* messageq.cpp */,
				F54D293D1404500E00EC9779 /* messageq.h */,
				F54D28F814044FEE00EC9779 /* model.cpp */,
				F54D293E1404500E00EC9779 /* model.h */,
				F54D28F914044FEE00EC9779 /* mouse.cpp */,
				F54D293F1404500E00EC9779 /* mouse.h */,
				F54D28FA14044FEE00EC9779 /* multiplay.cpp */,
				F54D29401404500E00EC9779 /* multiplay.h */,
				F54D28FB14044FEE00EC9779 /* net.cpp */,
				F54D29411404500E00EC9779 /* net.h */,
				F54D28FC14044FEE00EC9779 /* objects.cpp */,
				F54D29421404500E00EC9779 /* objects.h */,
				F54D28FD14044FEE00EC9779 /* particles.cpp */,
				F54D29431404500E00EC9779 /* particles.h */,
				F54D28FE14044FEE00EC9779 /* quat.cpp */,
				F54D29441404500E00EC9779 /* quat.h */,
				F54D28FF14044FEE00EC9779 /* replay.cpp */,
				F54D29451404500E00EC9779 /* replay.h */,
				F54D290014044FEE00EC9779 /* replay.cpp.bak */,
				F54D29461404500E00EC9779 /* replay.h.bak */,
				F54D290214044FEE00EC9779 /* settings.cpp */,
				F54D29481404500E00EC9779 /* settings.h */,
				F54D290314044FEE00EC9779 /* sound.cpp */,
				F54D29491404500E00EC9779 /* sound.h */,
				F54D290414044FEE00EC9779 /* sound.cpp.fmod */,
				F54D294A1404500E00EC9779 /* sound.h.fmod */,
				F54D290514044FEE00EC9779 /* sound.cpp.openal */,
				F54D294B1404500E00EC9779 /* sound.h.openal */,
				F54D290614044FEE00EC9779 /* terrain.cpp */,
				F54D294C1404500E00EC9779 /* terrain.h */,
				F54D290714044FEE00EC9779 /* timer.cpp */,
				F54D294D1404500E00EC9779 /* timer.h */,
				F54D290814044FEE00EC9779 /* track.cpp */,
				F54D294E1404500E00EC9779 /* track.h */,
				F54D290914044FEE00EC9779 /* trees.cpp */,
				F54D294F1404500E00EC9779 /* trees.h */,
				F54D290A14044FEE00EC9779 /* utility.cpp */,
				F54D29501404500E00EC9779 /* utility.h */,
				F54D290B14044FEE00EC9779 /* vamosworld.cc */,
				F54D29511404500E00EC9779 /* vamosworld.h */,
				F54D290C14044FEE00EC9779 /* weather.cpp */,
				F54D29521404500E00EC9779 /* weather.h */,
			);
			name = src;
			path = ../src;
			sourceTree = "<group>";
		};
/* End PBXGroup section */

/* Begin PBXHeadersBuildPhase section */
		229196A013ABCF97005EBD41 /* Headers */ = {
			isa = PBXHeadersBuildPhase;
			buildActionMask = 2147483647;
			files = (
				F54D29531404500E00EC9779 /* backdrop.h in Headers */,
				F54D29541404500E00EC9779 /* bezier.h in Headers */,
				F54D29551404500E00EC9779 /* camera.h in Headers */,
				F54D29561404500E00EC9779 /* config_mac.h in Headers */,
				F54D29571404500E00EC9779 /* configfile.h in Headers */,
				F54D29581404500E00EC9779 /* controls.h in Headers */,
				F54D29591404500E00EC9779 /* endian_utility.h in Headers */,
				F54D295A1404500E00EC9779 /* font.h in Headers */,
				F54D295B1404500E00EC9779 /* gamestate.h in Headers */,
				F54D295C1404500E00EC9779 /* globals.h in Headers */,
				F54D295D1404500E00EC9779 /* joepack.h in Headers */,
				F54D295E1404500E00EC9779 /* keyman.h in Headers */,
				F54D295F1404500E00EC9779 /* logo.h in Headers */,
				F54D29601404500E00EC9779 /* menu.h in Headers */,
				F54D29611404500E00EC9779 /* messageq.h in Headers */,
				F54D29621404500E00EC9779 /* model.h in Headers */,
				F54D29631404500E00EC9779 /* mouse.h in Headers */,
				F54D29641404500E00EC9779 /* multiplay.h in Headers */,
				F54D29651404500E00EC9779 /* net.h in Headers */,
				F54D29661404500E00EC9779 /* objects.h in Headers */,
				F54D29671404500E00EC9779 /* particles.h in Headers */,
				F54D29681404500E00EC9779 /* quat.h in Headers */,
				F54D29691404500E00EC9779 /* replay.h in Headers */,
				F54D296C1404500E00EC9779 /* settings.h in Headers */,
				F54D296D1404500E00EC9779 /* sound.h in Headers */,
				F54D29701404500E00EC9779 /* terrain.h in Headers */,
				F54D29711404500E00EC9779 /* timer.h in Headers */,
				F54D29721404500E00EC9779 /* track.h in Headers */,
				F54D29731404500E00EC9779 /* trees.h in Headers */,
				F54D29741404500E00EC9779 /* utility.h in Headers */,
				F54D29751404500E00EC9779 /* vamosworld.h in Headers */,
				F54D29761404500E00EC9779 /* weather.h in Headers */,
			);
			runOnlyForDeploymentPostprocessing = 0;
		};
/* End PBXHeadersBuildPhase section */

/* Begin PBXNativeTarget section */
		229195F113ABCDEB005EBD41 /* trackeditor */ = {
			isa = PBXNativeTarget;
			buildConfigurationList = 2291961013ABCDEC005EBD41 /* Build configuration list for PBXNativeTarget "trackeditor" */;
			buildPhases = (
				229196A013ABCF97005EBD41 /* Headers */,
				229195F013ABCDEB005EBD41 /* Resources */,
				229195EE13ABCDEB005EBD41 /* Sources */,
				229195EF13ABCDEB005EBD41 /* Frameworks */,
				229196C913ABD6DC005EBD41 /* CopyFiles */,
			);
			buildRules = (
			);
			dependencies = (
			);
			name = trackeditor;
			productName = trackeditor;
			productReference = 229195F213ABCDEB005EBD41 /* Trackeditor.app */;
			productType = "com.apple.product-type.application";
		};
/* End PBXNativeTarget section */

/* Begin PBXProject section */
		229195E913ABCDEA005EBD41 /* Project object */ = {
			isa = PBXProject;
			buildConfigurationList = 229195EC13ABCDEA005EBD41 /* Build configuration list for PBXProject "trackeditor" */;
			compatibilityVersion = "Xcode 3.2";
			developmentRegion = English;
			hasScannedForEncodings = 0;
			knownRegions = (
				en,
			);
			mainGroup = 229195E713ABCDEA005EBD41;
			productRefGroup = 229195F313ABCDEB005EBD41 /* Products */;
			projectDirPath = "";
			projectRoot = "";
			targets = (
				229195F113ABCDEB005EBD41 /* trackeditor */,
			);
		};
/* End PBXProject section */

/* Begin PBXResourcesBuildPhase section */
		229195F013ABCDEB005EBD41 /* Resources */ = {
			isa = PBXResourcesBuildPhase;
			buildActionMask = 2147483647;
			files = (
				22C729B913ACE0DA00B978EF /* Readme.rtf in Resources */,
				F54D292214044FEE00EC9779 /* replay.cpp.bak in Resources */,
				F54D292614044FEE00EC9779 /* sound.cpp.fmod in Resources */,
				F54D292714044FEE00EC9779 /* sound.cpp.openal in Resources */,
				F54D296A1404500E00EC9779 /* replay.h.bak in Resources */,
				F54D296E1404500E00EC9779 /* sound.h.fmod in Resources */,
				F54D296F1404500E00EC9779 /* sound.h.openal in Resources */,
				F54D29821404562700EC9779 /* vdrift.icns in Resources */,
			);
			runOnlyForDeploymentPostprocessing = 0;
		};
/* End PBXResourcesBuildPhase section */

/* Begin PBXSourcesBuildPhase section */
		229195EE13ABCDEB005EBD41 /* Sources */ = {
			isa = PBXSourcesBuildPhase;
			buildActionMask = 2147483647;
			files = (
				F54D290D14044FEE00EC9779 /* backdrop.cpp in Sources */,
				F54D290E14044FEE00EC9779 /* bezier.cpp in Sources */,
				F54D290F14044FEE00EC9779 /* camera.cpp in Sources */,
				F54D291014044FEE00EC9779 /* configfile.cpp in Sources */,
				F54D291114044FEE00EC9779 /* controls.cc in Sources */,
				F54D291214044FEE00EC9779 /* font.cpp in Sources */,
				F54D291314044FEE00EC9779 /* gamestate.cpp in Sources */,
				F54D291414044FEE00EC9779 /* joepack.cpp in Sources */,
				F54D291514044FEE00EC9779 /* keyman.cpp in Sources */,
				F54D291614044FEE00EC9779 /* logo.cpp in Sources */,
				F54D291714044FEE00EC9779 /* main.cpp in Sources */,
				F54D291814044FEE00EC9779 /* menu.cpp in Sources */,
				F54D291914044FEE00EC9779 /* messageq.cpp in Sources */,
				F54D291A14044FEE00EC9779 /* model.cpp in Sources */,
				F54D291B14044FEE00EC9779 /* mouse.cpp in Sources */,
				F54D291C14044FEE00EC9779 /* multiplay.cpp in Sources */,
				F54D291D14044FEE00EC9779 /* net.cpp in Sources */,
				F54D291E14044FEE00EC9779 /* objects.cpp in Sources */,
				F54D291F14044FEE00EC9779 /* particles.cpp in Sources */,
				F54D292014044FEE00EC9779 /* quat.cpp in Sources */,
				F54D292114044FEE00EC9779 /* replay.cpp in Sources */,
				F54D292414044FEE00EC9779 /* settings.cpp in Sources */,
				F54D292514044FEE00EC9779 /* sound.cpp in Sources */,
				F54D292814044FEE00EC9779 /* terrain.cpp in Sources */,
				F54D292914044FEE00EC9779 /* timer.cpp in Sources */,
				F54D292A14044FEE00EC9779 /* track.cpp in Sources */,
				F54D292B14044FEE00EC9779 /* trees.cpp in Sources */,
				F54D292C14044FEE00EC9779 /* utility.cpp in Sources */,
				F54D292D14044FEE00EC9779 /* vamosworld.cc in Sources */,
				F54D292E14044FEE00EC9779 /* weather.cpp in Sources */,
			);
			runOnlyForDeploymentPostprocessing = 0;
		};
/* End PBXSourcesBuildPhase section */

/* Begin XCBuildConfiguration section */
		2291960E13ABCDEC005EBD41 /* Debug */ = {
			isa = XCBuildConfiguration;
			buildSettings = {
				ARCHS = "$(ARCHS_STANDARD_32_64_BIT)";
				GCC_OPTIMIZATION_LEVEL = 0;
				HEADER_SEARCH_PATHS = (
					.,
					../,
					Fmod,
					vamos,
				);
				INFOPLIST_FILE = Info.plist;
				ONLY_ACTIVE_ARCH = NO;
				PRODUCT_NAME = Trackeditor;
			};
			name = Debug;
		};
		2291960F13ABCDEC005EBD41 /* Release */ = {
			isa = XCBuildConfiguration;
			buildSettings = {
				ARCHS = "$(ARCHS_STANDARD_32_64_BIT)";
				HEADER_SEARCH_PATHS = (
					.,
					../,
					Fmod,
					vamos,
				);
				INFOPLIST_FILE = Info.plist;
				PRODUCT_NAME = Trackeditor;
			};
			name = Release;
		};
		2291961113ABCDEC005EBD41 /* Debug */ = {
			isa = XCBuildConfiguration;
			buildSettings = {
				FRAMEWORK_SEARCH_PATHS = (
					"$(inherited)",
					"\"$(SYSTEM_APPS_DIR)/VDrift/Dev/trackeditor/osx\"",
				);
			};
			name = Debug;
		};
		2291961213ABCDEC005EBD41 /* Release */ = {
			isa = XCBuildConfiguration;
			buildSettings = {
				FRAMEWORK_SEARCH_PATHS = (
					"$(inherited)",
					"\"$(SYSTEM_APPS_DIR)/VDrift/Dev/trackeditor/osx\"",
				);
			};
			name = Release;
		};
/* End XCBuildConfiguration section */

/* Begin XCConfigurationList section */
		229195EC13ABCDEA005EBD41 /* Build configuration list for PBXProject "trackeditor" */ = {
			isa = XCConfigurationList;
			buildConfigurations = (
				2291960E13ABCDEC005EBD41 /* Debug */,
				2291960F13ABCDEC005EBD41 /* Release */,
			);
			defaultConfigurationIsVisible = 0;
			defaultConfigurationName = Debug;
		};
		2291961013ABCDEC005EBD41 /* Build configuration list for PBXNativeTarget "trackeditor" */ = {
			isa = XCConfigurationList;
			buildConfigurations = (
				2291961113ABCDEC005EBD41 /* Debug */,
				2291961213ABCDEC005EBD41 /* Release */,
			);
			defaultConfigurationIsVisible = 0;
			defaultConfigurationName = Debug;
		};
/* End XCConfigurationList section */
	};
	rootObject = 229195E913ABCDEA005EBD41 /* Project object */;
}
